
Microsoft Visual Studio Solution File, Format Version 12.00
# Visual Studio Version 17
VisualStudioVersion = 17.5.002.0
MinimumVisualStudioVersion = 10.0.40219.1
Project("{9A19103F-16F7-4668-BE54-9A1E7A4F7556}") = "fizzbuzz", "fizzbuzz\fizzbuzz.csproj", "{B9E89EDD-D73A-439D-AEDF-0DD3C43A4D55}"
EndProject
Project("{FAE04EC0-301F-11D3-BF4B-00C04F79EFBC}") = "backpackProblem", "backpackProblem\backpackProblem.csproj", "{0DA558E9-B1AF-4576-8E04-E9D0EAE2A190}"
EndProject
Global
	GlobalSection(SolutionConfigurationPlatforms) = preSolution
		Debug|Any CPU = Debug|Any CPU
		Release|Any CPU = Release|Any CPU
	EndGlobalSection
	GlobalSection(ProjectConfigurationPlatforms) = postSolution
		{B9E89EDD-D73A-439D-AEDF-0DD3C43A4D55}.Debug|Any CPU.ActiveCfg = Debug|Any CPU
		{B9E89EDD-D73A-439D-AEDF-0DD3C43A4D55}.Debug|Any CPU.Build.0 = Debug|Any CPU
		{B9E89EDD-D73A-439D-AEDF-0DD3C43A4D55}.Release|Any CPU.ActiveCfg = Release|Any CPU
		{B9E89EDD-D73A-439D-AEDF-0DD3C43A4D55}.Release|Any CPU.Build.0 = Release|Any CPU
		{0DA558E9-B1AF-4576-8E04-E9D0EAE2A190}.Debug|Any CPU.ActiveCfg = Debug|Any CPU
		{0DA558E9-B1AF-4576-8E04-E9D0EAE2A190}.Debug|Any CPU.Build.0 = Debug|Any CPU
		{0DA558E9-B1AF-4576-8E04-E9D0EAE2A190}.Release|Any CPU.ActiveCfg = Release|Any CPU
		{0DA558E9-B1AF-4576-8E04-E9D0EAE2A190}.Release|Any CPU.Build.0 = Release|Any CPU
	EndGlobalSection
	GlobalSection(SolutionProperties) = preSolution
		HideSolutionNode = FALSE
	EndGlobalSection
	GlobalSection(ExtensibilityGlobals) = postSolution
		SolutionGuid = {5B89D821-FC45-4AE2-BE1C-19FDCA78F27C}
	EndGlobalSection
EndGlobal
