
Microsoft Visual Studio Solution File, Format Version 12.00
# Visual Studio Version 17
VisualStudioVersion = 17.5.002.0
MinimumVisualStudioVersion = 10.0.40219.1
Project("{9A19103F-16F7-4668-BE54-9A1E7A4F7556}") = "fizzbuzz", "fizzbuzz\fizzbuzz.csproj", "{B9E89EDD-D73A-439D-AEDF-0DD3C43A4D55}"
EndProject
Project("{9A19103F-16F7-4668-BE54-9A1E7A4F7556}") = "Java1.backpackProblem", "Java1.backpackProblem\Java1.backpackProblem.csproj", "{0DA558E9-B1AF-4576-8E04-E9D0EAE2A190}"
EndProject
Project("{2150E333-8FDC-42A3-9474-1A3956D46DE8}") = "Java1.backpackProblem", "Java1.backpackProblem", "{E53A9C3D-DE68-4CA2-A4BC-6EB3FA25A107}"
EndProject
Project("{9A19103F-16F7-4668-BE54-9A1E7A4F7556}") = "backpackProblemTest", "backpackProblemTest\backpackProblemTest.csproj", "{77750C51-38AD-4764-AC1E-D338A07AE8FA}"
EndProject
Project("{FAE04EC0-301F-11D3-BF4B-00C04F79EFBC}") = "backpackProblemGUI", "backpackProblemGUI\backpackProblemGUI.csproj", "{0670B7F3-86FC-4324-BA7E-77504A76608B}"
EndProject
Project("{FAE04EC0-301F-11D3-BF4B-00C04F79EFBC}") = "WebApplication", "WebApplication\WebApplication.csproj", "{ABDC0951-7CC9-4285-932F-DB280A5A2FFF}"
EndProject
Project("{FAE04EC0-301F-11D3-BF4B-00C04F79EFBC}") = "api", "api\api.csproj", "{4F7076DB-F12B-4811-9FDD-BD7FC2D7BC05}"
EndProject
Project("{FAE04EC0-301F-11D3-BF4B-00C04F79EFBC}") = "Multithread", "Multithread\Multithread.csproj", "{B735B472-5524-4C8F-9101-304D9DBB1674}"
EndProject
Global
	GlobalSection(SolutionConfigurationPlatforms) = preSolution
		Debug|Any CPU = Debug|Any CPU
		Release|Any CPU = Release|Any CPU
	EndGlobalSection
	GlobalSection(ProjectConfigurationPlatforms) = postSolution
		{B9E89EDD-D73A-439D-AEDF-0DD3C43A4D55}.Debug|Any CPU.ActiveCfg = Debug|Any CPU
		{B9E89EDD-D73A-439D-AEDF-0DD3C43A4D55}.Debug|Any CPU.Build.0 = Debug|Any CPU
		{B9E89EDD-D73A-439D-AEDF-0DD3C43A4D55}.Release|Any CPU.ActiveCfg = Release|Any CPU
		{B9E89EDD-D73A-439D-AEDF-0DD3C43A4D55}.Release|Any CPU.Build.0 = Release|Any CPU
		{0DA558E9-B1AF-4576-8E04-E9D0EAE2A190}.Debug|Any CPU.ActiveCfg = Debug|Any CPU
		{0DA558E9-B1AF-4576-8E04-E9D0EAE2A190}.Debug|Any CPU.Build.0 = Debug|Any CPU
		{0DA558E9-B1AF-4576-8E04-E9D0EAE2A190}.Release|Any CPU.ActiveCfg = Release|Any CPU
		{0DA558E9-B1AF-4576-8E04-E9D0EAE2A190}.Release|Any CPU.Build.0 = Release|Any CPU
		{77750C51-38AD-4764-AC1E-D338A07AE8FA}.Debug|Any CPU.ActiveCfg = Debug|Any CPU
		{77750C51-38AD-4764-AC1E-D338A07AE8FA}.Debug|Any CPU.Build.0 = Debug|Any CPU
		{77750C51-38AD-4764-AC1E-D338A07AE8FA}.Release|Any CPU.ActiveCfg = Release|Any CPU
		{77750C51-38AD-4764-AC1E-D338A07AE8FA}.Release|Any CPU.Build.0 = Release|Any CPU
		{0670B7F3-86FC-4324-BA7E-77504A76608B}.Debug|Any CPU.ActiveCfg = Debug|Any CPU
		{0670B7F3-86FC-4324-BA7E-77504A76608B}.Debug|Any CPU.Build.0 = Debug|Any CPU
		{0670B7F3-86FC-4324-BA7E-77504A76608B}.Release|Any CPU.ActiveCfg = Release|Any CPU
		{0670B7F3-86FC-4324-BA7E-77504A76608B}.Release|Any CPU.Build.0 = Release|Any CPU
		{ABDC0951-7CC9-4285-932F-DB280A5A2FFF}.Debug|Any CPU.ActiveCfg = Debug|Any CPU
		{ABDC0951-7CC9-4285-932F-DB280A5A2FFF}.Debug|Any CPU.Build.0 = Debug|Any CPU
		{ABDC0951-7CC9-4285-932F-DB280A5A2FFF}.Release|Any CPU.ActiveCfg = Release|Any CPU
		{ABDC0951-7CC9-4285-932F-DB280A5A2FFF}.Release|Any CPU.Build.0 = Release|Any CPU
		{4F7076DB-F12B-4811-9FDD-BD7FC2D7BC05}.Debug|Any CPU.ActiveCfg = Debug|Any CPU
		{4F7076DB-F12B-4811-9FDD-BD7FC2D7BC05}.Debug|Any CPU.Build.0 = Debug|Any CPU
		{4F7076DB-F12B-4811-9FDD-BD7FC2D7BC05}.Release|Any CPU.ActiveCfg = Release|Any CPU
		{4F7076DB-F12B-4811-9FDD-BD7FC2D7BC05}.Release|Any CPU.Build.0 = Release|Any CPU
		{B735B472-5524-4C8F-9101-304D9DBB1674}.Debug|Any CPU.ActiveCfg = Debug|Any CPU
		{B735B472-5524-4C8F-9101-304D9DBB1674}.Debug|Any CPU.Build.0 = Debug|Any CPU
		{B735B472-5524-4C8F-9101-304D9DBB1674}.Release|Any CPU.ActiveCfg = Release|Any CPU
		{B735B472-5524-4C8F-9101-304D9DBB1674}.Release|Any CPU.Build.0 = Release|Any CPU
	EndGlobalSection
	GlobalSection(SolutionProperties) = preSolution
		HideSolutionNode = FALSE
	EndGlobalSection
	GlobalSection(NestedProjects) = preSolution
		{0DA558E9-B1AF-4576-8E04-E9D0EAE2A190} = {E53A9C3D-DE68-4CA2-A4BC-6EB3FA25A107}
	EndGlobalSection
	GlobalSection(ExtensibilityGlobals) = postSolution
		SolutionGuid = {5B89D821-FC45-4AE2-BE1C-19FDCA78F27C}
	EndGlobalSection
EndGlobal
