
Microsoft Visual Studio Solution File, Format Version 12.00
# Visual Studio Version 17
VisualStudioVersion = 17.9.34701.34
MinimumVisualStudioVersion = 10.0.40219.1
Project("{FAE04EC0-301F-11D3-BF4B-00C04F79EFBC}") = "Threads", "Threads\Threads.csproj", "{B4EBC368-09A1-4580-9246-458D9F85DC64}"
EndProject
Global
	GlobalSection(SolutionConfigurationPlatforms) = preSolution
		Debug|Any CPU = Debug|Any CPU
		Release|Any CPU = Release|Any CPU
	EndGlobalSection
	GlobalSection(ProjectConfigurationPlatforms) = postSolution
		{B4EBC368-09A1-4580-9246-458D9F85DC64}.Debug|Any CPU.ActiveCfg = Debug|Any CPU
		{B4EBC368-09A1-4580-9246-458D9F85DC64}.Debug|Any CPU.Build.0 = Debug|Any CPU
		{B4EBC368-09A1-4580-9246-458D9F85DC64}.Release|Any CPU.ActiveCfg = Release|Any CPU
		{B4EBC368-09A1-4580-9246-458D9F85DC64}.Release|Any CPU.Build.0 = Release|Any CPU
	EndGlobalSection
	GlobalSection(SolutionProperties) = preSolution
		HideSolutionNode = FALSE
	EndGlobalSection
	GlobalSection(ExtensibilityGlobals) = postSolution
		SolutionGuid = {FE7E039B-BB08-4935-A360-AAA622E04597}
	EndGlobalSection
EndGlobal
